
Microsoft Visual Studio Solution File, Format Version 12.00
# Visual Studio 15
VisualStudioVersion = 15.0.27004.2005
MinimumVisualStudioVersion = 10.0.40219.1
Project("{FAE04EC0-301F-11D3-BF4B-00C04F79EFBC}") = "TestConsole", "TestConsole\TestConsole.csproj", "{D384B248-F909-4A49-94D0-FC23727AD117}"
EndProject
Project("{2150E333-8FDC-42A3-9474-1A3956D46DE8}") = "_Tests", "_Tests", "{72148752-6269-4980-A51D-6A1B9A47897B}"
EndProject
Project("{FAE04EC0-301F-11D3-BF4B-00C04F79EFBC}") = "UnitTests", "UnitTests\UnitTests.csproj", "{100892AF-7638-451F-B7C0-526D32C668B2}"
EndProject
Project("{9A19103F-16F7-4668-BE54-9A1E7A4F7556}") = "GoogleAnalyticsMeasurementProtocol_NetStandard", "GoogleMeasurementProtocol_NetStandard\GoogleAnalyticsMeasurementProtocol_NetStandard.csproj", "{5C815671-C60E-40A8-9330-96C4280A6775}"
EndProject
Global
	GlobalSection(SolutionConfigurationPlatforms) = preSolution
		Debug|Any CPU = Debug|Any CPU
		Release|Any CPU = Release|Any CPU
	EndGlobalSection
	GlobalSection(ProjectConfigurationPlatforms) = postSolution
		{D384B248-F909-4A49-94D0-FC23727AD117}.Debug|Any CPU.ActiveCfg = Debug|Any CPU
		{D384B248-F909-4A49-94D0-FC23727AD117}.Debug|Any CPU.Build.0 = Debug|Any CPU
		{D384B248-F909-4A49-94D0-FC23727AD117}.Release|Any CPU.ActiveCfg = Release|Any CPU
		{D384B248-F909-4A49-94D0-FC23727AD117}.Release|Any CPU.Build.0 = Release|Any CPU
		{100892AF-7638-451F-B7C0-526D32C668B2}.Debug|Any CPU.ActiveCfg = Debug|Any CPU
		{100892AF-7638-451F-B7C0-526D32C668B2}.Debug|Any CPU.Build.0 = Debug|Any CPU
		{100892AF-7638-451F-B7C0-526D32C668B2}.Release|Any CPU.ActiveCfg = Release|Any CPU
		{100892AF-7638-451F-B7C0-526D32C668B2}.Release|Any CPU.Build.0 = Release|Any CPU
		{5C815671-C60E-40A8-9330-96C4280A6775}.Debug|Any CPU.ActiveCfg = Debug|Any CPU
		{5C815671-C60E-40A8-9330-96C4280A6775}.Debug|Any CPU.Build.0 = Debug|Any CPU
		{5C815671-C60E-40A8-9330-96C4280A6775}.Release|Any CPU.ActiveCfg = Release|Any CPU
		{5C815671-C60E-40A8-9330-96C4280A6775}.Release|Any CPU.Build.0 = Release|Any CPU
	EndGlobalSection
	GlobalSection(SolutionProperties) = preSolution
		HideSolutionNode = FALSE
	EndGlobalSection
	GlobalSection(NestedProjects) = preSolution
		{D384B248-F909-4A49-94D0-FC23727AD117} = {72148752-6269-4980-A51D-6A1B9A47897B}
		{100892AF-7638-451F-B7C0-526D32C668B2} = {72148752-6269-4980-A51D-6A1B9A47897B}
	EndGlobalSection
	GlobalSection(ExtensibilityGlobals) = postSolution
		SolutionGuid = {55743CD3-9780-4563-BDF0-B0B4001D2F89}
	EndGlobalSection
EndGlobal
